
Microsoft Visual Studio Solution File, Format Version 12.00
# Visual Studio Version 17
VisualStudioVersion = 17.8.34330.188
MinimumVisualStudioVersion = 10.0.40219.1
Project("{2150E333-8FDC-42A3-9474-1A3956D46DE8}") = "Infrastructure", "Infrastructure", "{46354BB6-439A-4343-B800-D36EF36690FE}"
EndProject
Project("{2150E333-8FDC-42A3-9474-1A3956D46DE8}") = "Application", "Application", "{60D1AA38-096D-40BA-8DD0-A62D926B5262}"
EndProject
Project("{2150E333-8FDC-42A3-9474-1A3956D46DE8}") = "Domain", "Domain", "{F6181A02-D702-4CE1-B735-BDA363BBC5B4}"
EndProject
Project("{2150E333-8FDC-42A3-9474-1A3956D46DE8}") = "BuildingBlocks", "BuildingBlocks", "{A79B329B-B5DE-45D0-A37E-498A641EBEFC}"
EndProject
Project("{2150E333-8FDC-42A3-9474-1A3956D46DE8}") = "Presentation", "Presentation", "{13CF7FC5-899E-4BC4-8D57-0F630615CB58}"
EndProject
Project("{2150E333-8FDC-42A3-9474-1A3956D46DE8}") = "Core", "Core", "{ED1AA43A-34F6-4F17-AA59-999646D05FF0}"
EndProject
Project("{2150E333-8FDC-42A3-9474-1A3956D46DE8}") = "Test", "Test", "{C9A57CBC-7A2F-436B-AEAA-060886D33361}"
EndProject
Project("{9A19103F-16F7-4668-BE54-9A1E7A4F7556}") = "Financial.Services.Application", "src\Financial.Services.Application\Financial.Services.Application.csproj", "{7242CE99-09FC-49D0-AB09-1ABB3ED4DC4C}"
EndProject
Project("{9A19103F-16F7-4668-BE54-9A1E7A4F7556}") = "Financial.Services.Core", "src\Financial.Services.Core\Financial.Services.Core.csproj", "{E720729A-7A4B-4634-A5E8-EEF682430BFB}"
EndProject
Project("{9A19103F-16F7-4668-BE54-9A1E7A4F7556}") = "Financial.Services.Domain", "src\Financial.Services.Domain\Financial.Services.Domain.csproj", "{03CC6952-81DB-43A0-9E41-DAB1A671D28D}"
EndProject
Project("{9A19103F-16F7-4668-BE54-9A1E7A4F7556}") = "Financial.Services.Infrastructure", "src\Financial.Services.Infrastructure\Financial.Services.Infrastructure.csproj", "{E3C14840-BD93-4831-8CFA-2976271E4EE6}"
EndProject
Project("{FAE04EC0-301F-11D3-BF4B-00C04F79EFBC}") = "Financial.Services.Api", "src\Financial.Services.Api\Financial.Services.Api.csproj", "{0E56DE7F-882D-4F5D-B1F9-BDBE4C1F387C}"
EndProject
Global
	GlobalSection(SolutionConfigurationPlatforms) = preSolution
		Debug|Any CPU = Debug|Any CPU
		Release|Any CPU = Release|Any CPU
	EndGlobalSection
	GlobalSection(ProjectConfigurationPlatforms) = postSolution
		{7242CE99-09FC-49D0-AB09-1ABB3ED4DC4C}.Debug|Any CPU.ActiveCfg = Debug|Any CPU
		{7242CE99-09FC-49D0-AB09-1ABB3ED4DC4C}.Debug|Any CPU.Build.0 = Debug|Any CPU
		{7242CE99-09FC-49D0-AB09-1ABB3ED4DC4C}.Release|Any CPU.ActiveCfg = Release|Any CPU
		{7242CE99-09FC-49D0-AB09-1ABB3ED4DC4C}.Release|Any CPU.Build.0 = Release|Any CPU
		{E720729A-7A4B-4634-A5E8-EEF682430BFB}.Debug|Any CPU.ActiveCfg = Debug|Any CPU
		{E720729A-7A4B-4634-A5E8-EEF682430BFB}.Debug|Any CPU.Build.0 = Debug|Any CPU
		{E720729A-7A4B-4634-A5E8-EEF682430BFB}.Release|Any CPU.ActiveCfg = Release|Any CPU
		{E720729A-7A4B-4634-A5E8-EEF682430BFB}.Release|Any CPU.Build.0 = Release|Any CPU
		{03CC6952-81DB-43A0-9E41-DAB1A671D28D}.Debug|Any CPU.ActiveCfg = Debug|Any CPU
		{03CC6952-81DB-43A0-9E41-DAB1A671D28D}.Debug|Any CPU.Build.0 = Debug|Any CPU
		{03CC6952-81DB-43A0-9E41-DAB1A671D28D}.Release|Any CPU.ActiveCfg = Release|Any CPU
		{03CC6952-81DB-43A0-9E41-DAB1A671D28D}.Release|Any CPU.Build.0 = Release|Any CPU
		{E3C14840-BD93-4831-8CFA-2976271E4EE6}.Debug|Any CPU.ActiveCfg = Debug|Any CPU
		{E3C14840-BD93-4831-8CFA-2976271E4EE6}.Debug|Any CPU.Build.0 = Debug|Any CPU
		{E3C14840-BD93-4831-8CFA-2976271E4EE6}.Release|Any CPU.ActiveCfg = Release|Any CPU
		{E3C14840-BD93-4831-8CFA-2976271E4EE6}.Release|Any CPU.Build.0 = Release|Any CPU
		{0E56DE7F-882D-4F5D-B1F9-BDBE4C1F387C}.Debug|Any CPU.ActiveCfg = Debug|Any CPU
		{0E56DE7F-882D-4F5D-B1F9-BDBE4C1F387C}.Debug|Any CPU.Build.0 = Debug|Any CPU
		{0E56DE7F-882D-4F5D-B1F9-BDBE4C1F387C}.Release|Any CPU.ActiveCfg = Release|Any CPU
		{0E56DE7F-882D-4F5D-B1F9-BDBE4C1F387C}.Release|Any CPU.Build.0 = Release|Any CPU
	EndGlobalSection
	GlobalSection(SolutionProperties) = preSolution
		HideSolutionNode = FALSE
	EndGlobalSection
	GlobalSection(NestedProjects) = preSolution
		{60D1AA38-096D-40BA-8DD0-A62D926B5262} = {ED1AA43A-34F6-4F17-AA59-999646D05FF0}
		{F6181A02-D702-4CE1-B735-BDA363BBC5B4} = {ED1AA43A-34F6-4F17-AA59-999646D05FF0}
		{A79B329B-B5DE-45D0-A37E-498A641EBEFC} = {ED1AA43A-34F6-4F17-AA59-999646D05FF0}
		{7242CE99-09FC-49D0-AB09-1ABB3ED4DC4C} = {60D1AA38-096D-40BA-8DD0-A62D926B5262}
		{E720729A-7A4B-4634-A5E8-EEF682430BFB} = {A79B329B-B5DE-45D0-A37E-498A641EBEFC}
		{03CC6952-81DB-43A0-9E41-DAB1A671D28D} = {F6181A02-D702-4CE1-B735-BDA363BBC5B4}
		{E3C14840-BD93-4831-8CFA-2976271E4EE6} = {46354BB6-439A-4343-B800-D36EF36690FE}
		{0E56DE7F-882D-4F5D-B1F9-BDBE4C1F387C} = {13CF7FC5-899E-4BC4-8D57-0F630615CB58}
	EndGlobalSection
	GlobalSection(ExtensibilityGlobals) = postSolution
		SolutionGuid = {068D6AFB-39E1-49DA-8956-F6219FC3016D}
	EndGlobalSection
EndGlobal
